
Microsoft Visual Studio Solution File, Format Version 12.00
# Visual Studio Version 16
VisualStudioVersion = 16.0.30804.86
MinimumVisualStudioVersion = 10.0.40219.1
Project("{FAE04EC0-301F-11D3-BF4B-00C04F79EFBC}") = "WindowsFormsApp2", "WindowsFormsApp2\WindowsFormsApp2.csproj", "{20467280-601A-4FDC-A29E-87A368C1C38C}"
EndProject
Global
	GlobalSection(SolutionConfigurationPlatforms) = preSolution
		Debug|Any CPU = Debug|Any CPU
		Release|Any CPU = Release|Any CPU
	EndGlobalSection
	GlobalSection(ProjectConfigurationPlatforms) = postSolution
		{20467280-601A-4FDC-A29E-87A368C1C38C}.Debug|Any CPU.ActiveCfg = Debug|Any CPU
		{20467280-601A-4FDC-A29E-87A368C1C38C}.Debug|Any CPU.Build.0 = Debug|Any CPU
		{20467280-601A-4FDC-A29E-87A368C1C38C}.Release|Any CPU.ActiveCfg = Release|Any CPU
		{20467280-601A-4FDC-A29E-87A368C1C38C}.Release|Any CPU.Build.0 = Release|Any CPU
	EndGlobalSection
	GlobalSection(SolutionProperties) = preSolution
		HideSolutionNode = FALSE
	EndGlobalSection
	GlobalSection(ExtensibilityGlobals) = postSolution
		SolutionGuid = {0E180FC5-441B-4ECB-AFA0-9B946D633D48}
	EndGlobalSection
EndGlobal
